
Microsoft Visual Studio Solution File, Format Version 12.00
# Visual Studio Version 17
VisualStudioVersion = 17.4.33110.190
MinimumVisualStudioVersion = 10.0.40219.1
Project("{FAE04EC0-301F-11D3-BF4B-00C04F79EFBC}") = "booklu.api", "booklu.api.csproj", "{81785D2F-4937-47AA-8441-99A58B8C32EA}"
EndProject
Global
	GlobalSection(SolutionConfigurationPlatforms) = preSolution
		Debug|Any CPU = Debug|Any CPU
		Release|Any CPU = Release|Any CPU
	EndGlobalSection
	GlobalSection(ProjectConfigurationPlatforms) = postSolution
		{81785D2F-4937-47AA-8441-99A58B8C32EA}.Debug|Any CPU.ActiveCfg = Debug|Any CPU
		{81785D2F-4937-47AA-8441-99A58B8C32EA}.Debug|Any CPU.Build.0 = Debug|Any CPU
		{81785D2F-4937-47AA-8441-99A58B8C32EA}.Release|Any CPU.ActiveCfg = Release|Any CPU
		{81785D2F-4937-47AA-8441-99A58B8C32EA}.Release|Any CPU.Build.0 = Release|Any CPU
	EndGlobalSection
	GlobalSection(SolutionProperties) = preSolution
		HideSolutionNode = FALSE
	EndGlobalSection
	GlobalSection(ExtensibilityGlobals) = postSolution
		SolutionGuid = {4234352D-B365-4705-9528-AA6945E0B78B}
	EndGlobalSection
EndGlobal
